
Microsoft Visual Studio Solution File, Format Version 12.00
# Visual Studio Version 16
VisualStudioVersion = 16.0.30309.148
MinimumVisualStudioVersion = 10.0.40219.1
Project("{9092AA53-FB77-4645-B42D-1CCCA6BD08BD}") = "ReactSample", "ReactSample\ReactSample.njsproj", "{CCD5B4BC-0028-4222-BA67-80560CC96A7C}"
EndProject
Global
	GlobalSection(SolutionConfigurationPlatforms) = preSolution
		Debug|Any CPU = Debug|Any CPU
		Release|Any CPU = Release|Any CPU
	EndGlobalSection
	GlobalSection(ProjectConfigurationPlatforms) = postSolution
		{CCD5B4BC-0028-4222-BA67-80560CC96A7C}.Debug|Any CPU.ActiveCfg = Debug|Any CPU
		{CCD5B4BC-0028-4222-BA67-80560CC96A7C}.Debug|Any CPU.Build.0 = Debug|Any CPU
		{CCD5B4BC-0028-4222-BA67-80560CC96A7C}.Release|Any CPU.ActiveCfg = Release|Any CPU
		{CCD5B4BC-0028-4222-BA67-80560CC96A7C}.Release|Any CPU.Build.0 = Release|Any CPU
	EndGlobalSection
	GlobalSection(SolutionProperties) = preSolution
		HideSolutionNode = FALSE
	EndGlobalSection
	GlobalSection(ExtensibilityGlobals) = postSolution
		SolutionGuid = {2B641CDB-3CF0-4852-91AC-2C4D659689AA}
	EndGlobalSection
EndGlobal
